
Microsoft Visual Studio Solution File, Format Version 12.00
# Visual Studio 15
Project("{FAE04EC0-301F-11D3-BF4B-00C04F79EFBC}") = "Colocator.Abstractions", "Colocator.Abstractions\Colocator.Abstractions.csproj", "{7482F1DE-B2D7-40D9-8CFB-669AEDCF9860}"
EndProject
Project("{FAE04EC0-301F-11D3-BF4B-00C04F79EFBC}") = "Colocator.Droid", "Colocator.Droid\Colocator.Droid.csproj", "{7C44723E-A117-49D9-AA08-1015603B5CF3}"
EndProject
Project("{FAE04EC0-301F-11D3-BF4B-00C04F79EFBC}") = "Colocator.iOS", "Colocator.iOS\Colocator.iOS.csproj", "{0A15460D-2B70-4F7E-9A3D-0A98DCCBC16C}"
EndProject
Project("{FAE04EC0-301F-11D3-BF4B-00C04F79EFBC}") = "Colocator.NetStandard", "Colocator.NetStandard\Colocator.NetStandard.csproj", "{68B9E702-C682-470B-9C0A-86879D892AA9}"
EndProject
Project("{FAE04EC0-301F-11D3-BF4B-00C04F79EFBC}") = "Colocator.Binding", "..\Colocator.Binding\Colocator.Binding\Colocator.Binding.csproj", "{78452512-F417-4D5D-81F0-8D73F6E43BB9}"
EndProject
Project("{FAE04EC0-301F-11D3-BF4B-00C04F79EFBC}") = "ColocatorAndroid.Binding", "..\Android\ColocatorAndroid.Binding\ColocatorAndroid.Binding\ColocatorAndroid.Binding.csproj", "{3130CB6A-386D-4193-9AFC-9D7E1BE61BB1}"
EndProject
Project("{FAE04EC0-301F-11D3-BF4B-00C04F79EFBC}") = "TrueTime.Binding", "..\Android\TrueTime.Binding\TrueTime.Binding\TrueTime.Binding.csproj", "{EC8EA2B5-5D91-43ED-B71D-5E1C2F2F668B}"
EndProject
Global
	GlobalSection(SolutionConfigurationPlatforms) = preSolution
		Debug|Any CPU = Debug|Any CPU
		Release|Any CPU = Release|Any CPU
	EndGlobalSection
	GlobalSection(ProjectConfigurationPlatforms) = postSolution
		{7482F1DE-B2D7-40D9-8CFB-669AEDCF9860}.Debug|Any CPU.ActiveCfg = Debug|Any CPU
		{7482F1DE-B2D7-40D9-8CFB-669AEDCF9860}.Debug|Any CPU.Build.0 = Debug|Any CPU
		{7482F1DE-B2D7-40D9-8CFB-669AEDCF9860}.Release|Any CPU.ActiveCfg = Release|Any CPU
		{7482F1DE-B2D7-40D9-8CFB-669AEDCF9860}.Release|Any CPU.Build.0 = Release|Any CPU
		{7C44723E-A117-49D9-AA08-1015603B5CF3}.Debug|Any CPU.ActiveCfg = Debug|Any CPU
		{7C44723E-A117-49D9-AA08-1015603B5CF3}.Debug|Any CPU.Build.0 = Debug|Any CPU
		{7C44723E-A117-49D9-AA08-1015603B5CF3}.Release|Any CPU.ActiveCfg = Release|Any CPU
		{7C44723E-A117-49D9-AA08-1015603B5CF3}.Release|Any CPU.Build.0 = Release|Any CPU
		{0A15460D-2B70-4F7E-9A3D-0A98DCCBC16C}.Debug|Any CPU.ActiveCfg = Debug|Any CPU
		{0A15460D-2B70-4F7E-9A3D-0A98DCCBC16C}.Debug|Any CPU.Build.0 = Debug|Any CPU
		{0A15460D-2B70-4F7E-9A3D-0A98DCCBC16C}.Release|Any CPU.ActiveCfg = Release|Any CPU
		{0A15460D-2B70-4F7E-9A3D-0A98DCCBC16C}.Release|Any CPU.Build.0 = Release|Any CPU
		{68B9E702-C682-470B-9C0A-86879D892AA9}.Debug|Any CPU.ActiveCfg = Debug|Any CPU
		{68B9E702-C682-470B-9C0A-86879D892AA9}.Debug|Any CPU.Build.0 = Debug|Any CPU
		{68B9E702-C682-470B-9C0A-86879D892AA9}.Release|Any CPU.ActiveCfg = Release|Any CPU
		{68B9E702-C682-470B-9C0A-86879D892AA9}.Release|Any CPU.Build.0 = Release|Any CPU
		{78452512-F417-4D5D-81F0-8D73F6E43BB9}.Debug|Any CPU.ActiveCfg = Debug|Any CPU
		{78452512-F417-4D5D-81F0-8D73F6E43BB9}.Debug|Any CPU.Build.0 = Debug|Any CPU
		{78452512-F417-4D5D-81F0-8D73F6E43BB9}.Release|Any CPU.ActiveCfg = Release|Any CPU
		{78452512-F417-4D5D-81F0-8D73F6E43BB9}.Release|Any CPU.Build.0 = Release|Any CPU
		{3130CB6A-386D-4193-9AFC-9D7E1BE61BB1}.Debug|Any CPU.ActiveCfg = Debug|Any CPU
		{3130CB6A-386D-4193-9AFC-9D7E1BE61BB1}.Debug|Any CPU.Build.0 = Debug|Any CPU
		{3130CB6A-386D-4193-9AFC-9D7E1BE61BB1}.Release|Any CPU.ActiveCfg = Release|Any CPU
		{3130CB6A-386D-4193-9AFC-9D7E1BE61BB1}.Release|Any CPU.Build.0 = Release|Any CPU
		{EC8EA2B5-5D91-43ED-B71D-5E1C2F2F668B}.Debug|Any CPU.ActiveCfg = Debug|Any CPU
		{EC8EA2B5-5D91-43ED-B71D-5E1C2F2F668B}.Debug|Any CPU.Build.0 = Debug|Any CPU
		{EC8EA2B5-5D91-43ED-B71D-5E1C2F2F668B}.Release|Any CPU.ActiveCfg = Release|Any CPU
		{EC8EA2B5-5D91-43ED-B71D-5E1C2F2F668B}.Release|Any CPU.Build.0 = Release|Any CPU
	EndGlobalSection
EndGlobal
